
Microsoft Visual Studio Solution File, Format Version 12.00
# Visual Studio Version 17
VisualStudioVersion = 17.7.34031.279
MinimumVisualStudioVersion = 10.0.40219.1
Project("{FAE04EC0-301F-11D3-BF4B-00C04F79EFBC}") = "Insurances", "Insurances\Insurances.csproj", "{62ABFF47-01E4-49FF-BE44-8E001CDA9AC0}"
EndProject
Global
	GlobalSection(SolutionConfigurationPlatforms) = preSolution
		Debug|Any CPU = Debug|Any CPU
		Release|Any CPU = Release|Any CPU
		Test|Any CPU = Test|Any CPU
	EndGlobalSection
	GlobalSection(ProjectConfigurationPlatforms) = postSolution
		{62ABFF47-01E4-49FF-BE44-8E001CDA9AC0}.Debug|Any CPU.ActiveCfg = Debug|Any CPU
		{62ABFF47-01E4-49FF-BE44-8E001CDA9AC0}.Debug|Any CPU.Build.0 = Debug|Any CPU
		{62ABFF47-01E4-49FF-BE44-8E001CDA9AC0}.Release|Any CPU.ActiveCfg = Release|Any CPU
		{62ABFF47-01E4-49FF-BE44-8E001CDA9AC0}.Release|Any CPU.Build.0 = Release|Any CPU
		{62ABFF47-01E4-49FF-BE44-8E001CDA9AC0}.Test|Any CPU.ActiveCfg = Test|Any CPU
		{62ABFF47-01E4-49FF-BE44-8E001CDA9AC0}.Test|Any CPU.Build.0 = Test|Any CPU
	EndGlobalSection
	GlobalSection(SolutionProperties) = preSolution
		HideSolutionNode = FALSE
	EndGlobalSection
	GlobalSection(ExtensibilityGlobals) = postSolution
		SolutionGuid = {F833AD09-BDC6-489A-95CA-E4D26D81470E}
	EndGlobalSection
EndGlobal
